
Microsoft Visual Studio Solution File, Format Version 12.00
# Visual Studio 15
VisualStudioVersion = 15.0.27703.2035
MinimumVisualStudioVersion = 10.0.40219.1
Project("{FAE04EC0-301F-11D3-BF4B-00C04F79EFBC}") = "ProjectA", "ProjectA\ProjectA.csproj", "{90AA8383-05BF-4382-99FC-B93C8A87B98A}"
EndProject
Global
	GlobalSection(SolutionConfigurationPlatforms) = preSolution
		Debug|Any CPU = Debug|Any CPU
		Release|Any CPU = Release|Any CPU
	EndGlobalSection
	GlobalSection(ProjectConfigurationPlatforms) = postSolution
		{90AA8383-05BF-4382-99FC-B93C8A87B98A}.Debug|Any CPU.ActiveCfg = Debug|Any CPU
		{90AA8383-05BF-4382-99FC-B93C8A87B98A}.Debug|Any CPU.Build.0 = Debug|Any CPU
		{90AA8383-05BF-4382-99FC-B93C8A87B98A}.Release|Any CPU.ActiveCfg = Release|Any CPU
		{90AA8383-05BF-4382-99FC-B93C8A87B98A}.Release|Any CPU.Build.0 = Release|Any CPU
	EndGlobalSection
	GlobalSection(SolutionProperties) = preSolution
		HideSolutionNode = FALSE
	EndGlobalSection
	GlobalSection(ExtensibilityGlobals) = postSolution
		SolutionGuid = {D5EECC90-0BE7-4250-A0B3-E9724B49D4DA}
	EndGlobalSection
EndGlobal
